
Microsoft Visual Studio Solution File, Format Version 12.00
# Visual Studio Version 16
VisualStudioVersion = 16.0.31729.503
MinimumVisualStudioVersion = 10.0.40219.1
Project("{FAE04EC0-301F-11D3-BF4B-00C04F79EFBC}") = "Almost Shortest Path", "Almost Shortest Path\Almost Shortest Path.csproj", "{8F1AECDB-95CC-4258-B40C-919D1DDCFDD0}"
EndProject
Global
	GlobalSection(SolutionConfigurationPlatforms) = preSolution
		Debug|Any CPU = Debug|Any CPU
		Release|Any CPU = Release|Any CPU
	EndGlobalSection
	GlobalSection(ProjectConfigurationPlatforms) = postSolution
		{8F1AECDB-95CC-4258-B40C-919D1DDCFDD0}.Debug|Any CPU.ActiveCfg = Debug|Any CPU
		{8F1AECDB-95CC-4258-B40C-919D1DDCFDD0}.Debug|Any CPU.Build.0 = Debug|Any CPU
		{8F1AECDB-95CC-4258-B40C-919D1DDCFDD0}.Release|Any CPU.ActiveCfg = Release|Any CPU
		{8F1AECDB-95CC-4258-B40C-919D1DDCFDD0}.Release|Any CPU.Build.0 = Release|Any CPU
	EndGlobalSection
	GlobalSection(SolutionProperties) = preSolution
		HideSolutionNode = FALSE
	EndGlobalSection
	GlobalSection(ExtensibilityGlobals) = postSolution
		SolutionGuid = {B8284EA8-D3D8-4F33-A926-A3D474378CE4}
	EndGlobalSection
EndGlobal
